
Microsoft Visual Studio Solution File, Format Version 12.00
# Visual Studio Version 16
VisualStudioVersion = 16.0.31229.75
MinimumVisualStudioVersion = 10.0.40219.1
Project("{FAE04EC0-301F-11D3-BF4B-00C04F79EFBC}") = "JsonSerialize", "JsonSerialize\JsonSerialize.csproj", "{B96C17BC-7CF2-4C5F-90BB-51D50E8B4D5E}"
EndProject
Global
	GlobalSection(SolutionConfigurationPlatforms) = preSolution
		Debug|Any CPU = Debug|Any CPU
		Release|Any CPU = Release|Any CPU
	EndGlobalSection
	GlobalSection(ProjectConfigurationPlatforms) = postSolution
		{B96C17BC-7CF2-4C5F-90BB-51D50E8B4D5E}.Debug|Any CPU.ActiveCfg = Debug|Any CPU
		{B96C17BC-7CF2-4C5F-90BB-51D50E8B4D5E}.Debug|Any CPU.Build.0 = Debug|Any CPU
		{B96C17BC-7CF2-4C5F-90BB-51D50E8B4D5E}.Release|Any CPU.ActiveCfg = Release|Any CPU
		{B96C17BC-7CF2-4C5F-90BB-51D50E8B4D5E}.Release|Any CPU.Build.0 = Release|Any CPU
	EndGlobalSection
	GlobalSection(SolutionProperties) = preSolution
		HideSolutionNode = FALSE
	EndGlobalSection
	GlobalSection(ExtensibilityGlobals) = postSolution
		SolutionGuid = {B85AC945-F37E-4EF7-9961-12BD200EB939}
	EndGlobalSection
EndGlobal
